
Microsoft Visual Studio Solution File, Format Version 12.00
# Visual Studio Version 16
VisualStudioVersion = 16.0.29613.14
MinimumVisualStudioVersion = 10.0.40219.1
Project("{FAE04EC0-301F-11D3-BF4B-00C04F79EFBC}") = "laba5", "laba5\laba5.csproj", "{672C7701-FADC-4AFF-AD52-9ACD61450543}"
EndProject
Global
	GlobalSection(SolutionConfigurationPlatforms) = preSolution
		Debug|Any CPU = Debug|Any CPU
		Release|Any CPU = Release|Any CPU
	EndGlobalSection
	GlobalSection(ProjectConfigurationPlatforms) = postSolution
		{672C7701-FADC-4AFF-AD52-9ACD61450543}.Debug|Any CPU.ActiveCfg = Debug|Any CPU
		{672C7701-FADC-4AFF-AD52-9ACD61450543}.Debug|Any CPU.Build.0 = Debug|Any CPU
		{672C7701-FADC-4AFF-AD52-9ACD61450543}.Release|Any CPU.ActiveCfg = Release|Any CPU
		{672C7701-FADC-4AFF-AD52-9ACD61450543}.Release|Any CPU.Build.0 = Release|Any CPU
	EndGlobalSection
	GlobalSection(SolutionProperties) = preSolution
		HideSolutionNode = FALSE
	EndGlobalSection
	GlobalSection(ExtensibilityGlobals) = postSolution
		SolutionGuid = {0BDB5CCF-BA22-4FF1-BFC0-8C23FC801B08}
	EndGlobalSection
EndGlobal
